
Microsoft Visual Studio Solution File, Format Version 12.00
# Visual Studio Version 17
VisualStudioVersion = 17.0.31903.59
MinimumVisualStudioVersion = 10.0.40219.1
Project("{FAE04EC0-301F-11D3-BF4B-00C04F79EFBC}") = "BuildingBlocks", "BuildingBlocks\BuildingBlocks.csproj", "{B65204DA-7AAB-4E8F-83A2-B595AC6EAF27}"
EndProject
Project("{FAE04EC0-301F-11D3-BF4B-00C04F79EFBC}") = "EventBus", "EventBus\EventBus.csproj", "{D2B0DBD1-05E7-4B68-AC70-98BCD89B9FBB}"
EndProject
Project("{FAE04EC0-301F-11D3-BF4B-00C04F79EFBC}") = "IntegrationEventLogEF", "IntegrationEventLogEF\IntegrationEventLogEF.csproj", "{B8FA2964-14B4-40BD-8819-4F4091C62DE8}"
EndProject
Global
	GlobalSection(SolutionConfigurationPlatforms) = preSolution
		Debug|Any CPU = Debug|Any CPU
		Release|Any CPU = Release|Any CPU
	EndGlobalSection
	GlobalSection(SolutionProperties) = preSolution
		HideSolutionNode = FALSE
	EndGlobalSection
	GlobalSection(ProjectConfigurationPlatforms) = postSolution
		{B65204DA-7AAB-4E8F-83A2-B595AC6EAF27}.Debug|Any CPU.ActiveCfg = Debug|Any CPU
		{B65204DA-7AAB-4E8F-83A2-B595AC6EAF27}.Debug|Any CPU.Build.0 = Debug|Any CPU
		{B65204DA-7AAB-4E8F-83A2-B595AC6EAF27}.Release|Any CPU.ActiveCfg = Release|Any CPU
		{B65204DA-7AAB-4E8F-83A2-B595AC6EAF27}.Release|Any CPU.Build.0 = Release|Any CPU
		{D2B0DBD1-05E7-4B68-AC70-98BCD89B9FBB}.Debug|Any CPU.ActiveCfg = Debug|Any CPU
		{D2B0DBD1-05E7-4B68-AC70-98BCD89B9FBB}.Debug|Any CPU.Build.0 = Debug|Any CPU
		{D2B0DBD1-05E7-4B68-AC70-98BCD89B9FBB}.Release|Any CPU.ActiveCfg = Release|Any CPU
		{D2B0DBD1-05E7-4B68-AC70-98BCD89B9FBB}.Release|Any CPU.Build.0 = Release|Any CPU
		{B8FA2964-14B4-40BD-8819-4F4091C62DE8}.Debug|Any CPU.ActiveCfg = Debug|Any CPU
		{B8FA2964-14B4-40BD-8819-4F4091C62DE8}.Debug|Any CPU.Build.0 = Debug|Any CPU
		{B8FA2964-14B4-40BD-8819-4F4091C62DE8}.Release|Any CPU.ActiveCfg = Release|Any CPU
		{B8FA2964-14B4-40BD-8819-4F4091C62DE8}.Release|Any CPU.Build.0 = Release|Any CPU
	EndGlobalSection
	GlobalSection(NestedProjects) = preSolution
	EndGlobalSection
EndGlobal
